
Microsoft Visual Studio Solution File, Format Version 12.00
# Visual Studio 15
VisualStudioVersion = 15.0.28307.136
MinimumVisualStudioVersion = 10.0.40219.1
Project("{FAE04EC0-301F-11D3-BF4B-00C04F79EFBC}") = "RD_4", "RD_4\RD_4.csproj", "{E5871B5D-1ADF-4139-9808-DE82F1482A23}"
EndProject
Global
	GlobalSection(SolutionConfigurationPlatforms) = preSolution
		Debug|Any CPU = Debug|Any CPU
		Release|Any CPU = Release|Any CPU
	EndGlobalSection
	GlobalSection(ProjectConfigurationPlatforms) = postSolution
		{E5871B5D-1ADF-4139-9808-DE82F1482A23}.Debug|Any CPU.ActiveCfg = Debug|Any CPU
		{E5871B5D-1ADF-4139-9808-DE82F1482A23}.Debug|Any CPU.Build.0 = Debug|Any CPU
		{E5871B5D-1ADF-4139-9808-DE82F1482A23}.Release|Any CPU.ActiveCfg = Release|Any CPU
		{E5871B5D-1ADF-4139-9808-DE82F1482A23}.Release|Any CPU.Build.0 = Release|Any CPU
	EndGlobalSection
	GlobalSection(SolutionProperties) = preSolution
		HideSolutionNode = FALSE
	EndGlobalSection
	GlobalSection(ExtensibilityGlobals) = postSolution
		SolutionGuid = {48FA35E9-3F73-40B9-9BCB-DFAE8D93F728}
	EndGlobalSection
EndGlobal
